
Microsoft Visual Studio Solution File, Format Version 12.00
# Visual Studio Version 17
VisualStudioVersion = 17.7.34031.279
MinimumVisualStudioVersion = 10.0.40219.1
Project("{FAE04EC0-301F-11D3-BF4B-00C04F79EFBC}") = "Random_Numbers", "Random_Numbers\Random_Numbers.csproj", "{338B1D83-93A3-442E-88E5-50F63DACAC0A}"
EndProject
Global
	GlobalSection(SolutionConfigurationPlatforms) = preSolution
		Debug|Any CPU = Debug|Any CPU
		Release|Any CPU = Release|Any CPU
	EndGlobalSection
	GlobalSection(ProjectConfigurationPlatforms) = postSolution
		{338B1D83-93A3-442E-88E5-50F63DACAC0A}.Debug|Any CPU.ActiveCfg = Debug|Any CPU
		{338B1D83-93A3-442E-88E5-50F63DACAC0A}.Debug|Any CPU.Build.0 = Debug|Any CPU
		{338B1D83-93A3-442E-88E5-50F63DACAC0A}.Release|Any CPU.ActiveCfg = Release|Any CPU
		{338B1D83-93A3-442E-88E5-50F63DACAC0A}.Release|Any CPU.Build.0 = Release|Any CPU
	EndGlobalSection
	GlobalSection(SolutionProperties) = preSolution
		HideSolutionNode = FALSE
	EndGlobalSection
	GlobalSection(ExtensibilityGlobals) = postSolution
		SolutionGuid = {EA2F846E-5550-41F9-BCB6-535E8AE04A4A}
	EndGlobalSection
EndGlobal
